
Microsoft Visual Studio Solution File, Format Version 12.00
# Visual Studio Version 17
VisualStudioVersion = 17.0.31903.59
MinimumVisualStudioVersion = 10.0.40219.1
Project("{FAE04EC0-301F-11D3-BF4B-00C04F79EFBC}") = "API", "API\API.csproj", "{B7AAF942-B2CD-4C44-BC87-1124EA51F134}"
EndProject
Project("{FAE04EC0-301F-11D3-BF4B-00C04F79EFBC}") = "Application", "Application\Application.csproj", "{990F9A39-57E6-4CCE-81DF-4E566148E047}"
EndProject
Project("{FAE04EC0-301F-11D3-BF4B-00C04F79EFBC}") = "Persistence", "Persistence\Persistence.csproj", "{A6B6CAE2-63E2-40EE-91F6-0E3ADE51C9C7}"
EndProject
Project("{FAE04EC0-301F-11D3-BF4B-00C04F79EFBC}") = "Domain", "Domain\Domain.csproj", "{7DC1EA7D-7444-4EAB-BB25-B9503634BD03}"
EndProject
Global
	GlobalSection(SolutionConfigurationPlatforms) = preSolution
		Debug|Any CPU = Debug|Any CPU
		Release|Any CPU = Release|Any CPU
	EndGlobalSection
	GlobalSection(SolutionProperties) = preSolution
		HideSolutionNode = FALSE
	EndGlobalSection
	GlobalSection(ProjectConfigurationPlatforms) = postSolution
		{B7AAF942-B2CD-4C44-BC87-1124EA51F134}.Debug|Any CPU.ActiveCfg = Debug|Any CPU
		{B7AAF942-B2CD-4C44-BC87-1124EA51F134}.Debug|Any CPU.Build.0 = Debug|Any CPU
		{B7AAF942-B2CD-4C44-BC87-1124EA51F134}.Release|Any CPU.ActiveCfg = Release|Any CPU
		{B7AAF942-B2CD-4C44-BC87-1124EA51F134}.Release|Any CPU.Build.0 = Release|Any CPU
		{990F9A39-57E6-4CCE-81DF-4E566148E047}.Debug|Any CPU.ActiveCfg = Debug|Any CPU
		{990F9A39-57E6-4CCE-81DF-4E566148E047}.Debug|Any CPU.Build.0 = Debug|Any CPU
		{990F9A39-57E6-4CCE-81DF-4E566148E047}.Release|Any CPU.ActiveCfg = Release|Any CPU
		{990F9A39-57E6-4CCE-81DF-4E566148E047}.Release|Any CPU.Build.0 = Release|Any CPU
		{A6B6CAE2-63E2-40EE-91F6-0E3ADE51C9C7}.Debug|Any CPU.ActiveCfg = Debug|Any CPU
		{A6B6CAE2-63E2-40EE-91F6-0E3ADE51C9C7}.Debug|Any CPU.Build.0 = Debug|Any CPU
		{A6B6CAE2-63E2-40EE-91F6-0E3ADE51C9C7}.Release|Any CPU.ActiveCfg = Release|Any CPU
		{A6B6CAE2-63E2-40EE-91F6-0E3ADE51C9C7}.Release|Any CPU.Build.0 = Release|Any CPU
		{7DC1EA7D-7444-4EAB-BB25-B9503634BD03}.Debug|Any CPU.ActiveCfg = Debug|Any CPU
		{7DC1EA7D-7444-4EAB-BB25-B9503634BD03}.Debug|Any CPU.Build.0 = Debug|Any CPU
		{7DC1EA7D-7444-4EAB-BB25-B9503634BD03}.Release|Any CPU.ActiveCfg = Release|Any CPU
		{7DC1EA7D-7444-4EAB-BB25-B9503634BD03}.Release|Any CPU.Build.0 = Release|Any CPU
	EndGlobalSection
EndGlobal
